PODS:
  - Analytics (3.0.7)
  - Expecta (1.0.5)
  - Segment-Taplytics (0.1.0):
    - Analytics (~> 3.0.7)
    - Taplytics (~> 2.10.18)
  - Specta (1.0.5)
  - Taplytics (2.10.18)

DEPENDENCIES:
  - Expecta
  - Segment-Taplytics (from `../`)
  - Specta

EXTERNAL SOURCES:
  Segment-Taplytics:
    :path: ../

SPEC CHECKSUMS:
  Analytics: b342fb4f43fa4f97ca6f4358b44d3295217ba294
  Expecta: e1c022fcd33910b6be89c291d2775b3fe27a89fe
  Segment-Taplytics: de6df8f99c69be091665b22f0aef53f3b4bec72e
  Specta: ac94d110b865115fe60ff2c6d7281053c6f8e8a2
  Taplytics: 793b3e407b7e63e558dee6a18f96f6eaf8dd215e

COCOAPODS: 0.39.0
